// !$*UTF8*$!
{
	archiveVersion = 1;
	classes = {
	};
	objectVersion = 77;
	objects = {

/* Begin PBXBuildFile section */
		6927776E2FA5348A001AC249 /* FirebaseAnalytics in Frameworks */ = {isa = PBXBuildFile; productRef = 6927776D2FA5348A001AC249 /* FirebaseAnalytics */; };
		692777702FA5348A001AC249 /* FirebaseAuth in Frameworks */ = {isa = PBXBuildFile; productRef = 6927776F2FA5348A001AC249 /* FirebaseAuth */; };
		692777722FA5348A001AC249 /* FirebaseFirestore in Frameworks */ = {isa = PBXBuildFile; productRef = 692777712FA5348A001AC249 /* FirebaseFirestore */; };
		69DF52C22FA10BE9009093EE /* Neumorphic in Frameworks */ = {isa = PBXBuildFile; productRef = 69DF52C12FA10BE9009093EE /* Neumorphic */; };
/* End PBXBuildFile section */

/* Begin PBXContainerItemProxy section */
		69DF52A12F9FF695009093EE /* PBXContainerItemProxy */ = {
			isa = PBXContainerItemProxy;
			containerPortal = 69DF52882F9FF68E009093EE /* Project object */;
			proxyType = 1;
			remoteGlobalIDString = 69DF528F2F9FF68F009093EE;
			remoteInfo = "FTC Nexus";
		};
		69DF52AB2F9FF695009093EE /* PBXContainerItemProxy */ = {
			isa = PBXContainerItemProxy;
			containerPortal = 69DF52882F9FF68E009093EE /* Project object */;
			proxyType = 1;
			remoteGlobalIDString = 69DF528F2F9FF68F009093EE;
			remoteInfo = "FTC Nexus";
		};
/* End PBXContainerItemProxy section */

/* Begin PBXFileReference section */
		69DF52902F9FF68F009093EE /* FTC Nexus.app */ = {isa = PBXFileReference; explicitFileType = wrapper.application; includeInIndex = 0; path = "FTC Nexus.app"; sourceTree = BUILT_PRODUCTS_DIR; };
		69DF52A02F9FF695009093EE /* FTC NexusTests.xctest */ = {isa = PBXFileReference; explicitFileType = wrapper.cfbundle; includeInIndex = 0; path = "FTC NexusTests.xctest"; sourceTree = BUILT_PRODUCTS_DIR; };
		69DF52AA2F9FF695009093EE /* FTC NexusUITests.xctest */ = {isa = PBXFileReference; explicitFileType = wrapper.cfbundle; includeInIndex = 0; path = "FTC NexusUITests.xctest"; sourceTree = BUILT_PRODUCTS_DIR; };
/* End PBXFileReference section */

/* Begin PBXFileSystemSynchronizedRootGroup section */
		69DF52922F9FF68F009093EE /* FTC Nexus */ = {
			isa = PBXFileSystemSynchronizedRootGroup;
			path = "FTC Nexus";
			sourceTree = "<group>";
		};
		69DF52A32F9FF695009093EE /* FTC NexusTests */ = {
			isa = PBXFileSystemSynchronizedRootGroup;
			path = "FTC NexusTests";
			sourceTree = "<group>";
		};
		69DF52AD2F9FF695009093EE /* FTC NexusUITests */ = {
			isa = PBXFileSystemSynchronizedRootGroup;
			path = "FTC NexusUITests";
			sourceTree = "<group>";
		};
/* End PBXFileSystemSynchronizedRootGroup section */

/* Begin PBXFrameworksBuildPhase section */
		69DF528D2F9FF68F009093EE /* Frameworks */ = {
			isa = PBXFrameworksBuildPhase;
			buildActionMask = 2147483647;
			files = (
				6927776E2FA5348A001AC249 /* FirebaseAnalytics in Frameworks */,
				692777722FA5348A001AC249 /* FirebaseFirestore in Frameworks */,
				692777702FA5348A001AC249 /* FirebaseAuth in Frameworks */,
				69DF52C22FA10BE9009093EE /* Neumorphic in Frameworks */,
			);
			runOnlyForDeploymentPostprocessing = 0;
		};
		69DF529D2F9FF695009093EE /* Frameworks */ = {
			isa = PBXFrameworksBuildPhase;
			buildActionMask = 2147483647;
			files = (
			);
			runOnlyForDeploymentPostprocessing = 0;
		};
		69DF52A72F9FF695009093EE /* Frameworks */ = {
			isa = PBXFrameworksBuildPhase;
			buildActionMask = 2147483647;
			files = (
			);
			runOnlyForDeploymentPostprocessing = 0;
		};
/* End PBXFrameworksBuildPhase section */

/* Begin PBXGroup section */
		69DF52872F9FF68E009093EE = {
			isa = PBXGroup;
			children = (
				69DF52922F9FF68F009093EE /* FTC Nexus */,
				69DF52A32F9FF695009093EE /* FTC NexusTests */,
				69DF52AD2F9FF695009093EE /* FTC NexusUITests */,
				69DF52912F9FF68F009093EE /* Products */,
			);
			sourceTree = "<group>";
		};
		69DF52912F9FF68F009093EE /* Products */ = {
			isa = PBXGroup;
			children = (
				69DF52902F9FF68F009093EE /* FTC Nexus.app */,
				69DF52A02F9FF695009093EE /* FTC NexusTests.xctest */,
				69DF52AA2F9FF695009093EE /* FTC NexusUITests.xctest */,
			);
			name = Products;
			sourceTree = "<group>";
		};
/* End PBXGroup section */

/* Begin PBXNativeTarget section */
		69DF528F2F9FF68F009093EE /* FTC Nexus */ = {
			isa = PBXNativeTarget;
			buildConfigurationList = 69DF52B42F9FF695009093EE /* Build configuration list for PBXNativeTarget "FTC Nexus" */;
			buildPhases = (
				69DF528C2F9FF68F009093EE /* Sources */,
				69DF528D2F9FF68F009093EE /* Frameworks */,
				69DF528E2F9FF68F009093EE /* Resources */,
			);
			buildRules = (
			);
			dependencies = (
			);
			fileSystemSynchronizedGroups = (
				69DF52922F9FF68F009093EE /* FTC Nexus */,
			);
			name = "FTC Nexus";
			packageProductDependencies = (
				69DF52C12FA10BE9009093EE /* Neumorphic */,
				6927776D2FA5348A001AC249 /* FirebaseAnalytics */,
				6927776F2FA5348A001AC249 /* FirebaseAuth */,
				692777712FA5348A001AC249 /* FirebaseFirestore */,
			);
			productName = "FTC Nexus";
			productReference = 69DF52902F9FF68F009093EE /* FTC Nexus.app */;
			productType = "com.apple.product-type.application";
		};
		69DF529F2F9FF695009093EE /* FTC NexusTests */ = {
			isa = PBXNativeTarget;
			buildConfigurationList = 69DF52B72F9FF695009093EE /* Build configuration list for PBXNativeTarget "FTC NexusTests" */;
			buildPhases = (
				69DF529C2F9FF695009093EE /* Sources */,
				69DF529D2F9FF695009093EE /* Frameworks */,
				69DF529E2F9FF695009093EE /* Resources */,
			);
			buildRules = (
			);
			dependencies = (
				69DF52A22F9FF695009093EE /* PBXTargetDependency */,
			);
			fileSystemSynchronizedGroups = (
				69DF52A32F9FF695009093EE /* FTC NexusTests */,
			);
			name = "FTC NexusTests";
			packageProductDependencies = (
			);
			productName = "FTC NexusTests";
			productReference = 69DF52A02F9FF695009093EE /* FTC NexusTests.xctest */;
			productType = "com.apple.product-type.bundle.unit-test";
		};
		69DF52A92F9FF695009093EE /* FTC NexusUITests */ = {
			isa = PBXNativeTarget;
			buildConfigurationList = 69DF52BA2F9FF695009093EE /* Build configuration list for PBXNativeTarget "FTC NexusUITests" */;
			buildPhases = (
				69DF52A62F9FF695009093EE /* Sources */,
				69DF52A72F9FF695009093EE /* Frameworks */,
				69DF52A82F9FF695009093EE /* Resources */,
			);
			buildRules = (
			);
			dependencies = (
				69DF52AC2F9FF695009093EE /* PBXTargetDependency */,
			);
			fileSystemSynchronizedGroups = (
				69DF52AD2F9FF695009093EE /* FTC NexusUITests */,
			);
			name = "FTC NexusUITests";
			packageProductDependencies = (
			);
			productName = "FTC NexusUITests";
			productReference = 69DF52AA2F9FF695009093EE /* FTC NexusUITests.xctest */;
			productType = "com.apple.product-type.bundle.ui-testing";
		};
/* End PBXNativeTarget section */

/* Begin PBXProject section */
		69DF52882F9FF68E009093EE /* Project object */ = {
			isa = PBXProject;
			attributes = {
				BuildIndependentTargetsInParallel = 1;
				LastSwiftUpdateCheck = 1620;
				LastUpgradeCheck = 1620;
				TargetAttributes = {
					69DF528F2F9FF68F009093EE = {
						CreatedOnToolsVersion = 16.2;
					};
					69DF529F2F9FF695009093EE = {
						CreatedOnToolsVersion = 16.2;
						TestTargetID = 69DF528F2F9FF68F009093EE;
					};
					69DF52A92F9FF695009093EE = {
						CreatedOnToolsVersion = 16.2;
						TestTargetID = 69DF528F2F9FF68F009093EE;
					};
				};
			};
			buildConfigurationList = 69DF528B2F9FF68E009093EE /* Build configuration list for PBXProject "FTC Nexus" */;
			developmentRegion = en;
			hasScannedForEncodings = 0;
			knownRegions = (
				en,
				Base,
			);
			mainGroup = 69DF52872F9FF68E009093EE;
			minimizedProjectReferenceProxies = 1;
			packageReferences = (
				69DF52C02FA10BE9009093EE /* XCRemoteSwiftPackageReference "neumorphic" */,
				6927776C2FA5348A001AC249 /* XCRemoteSwiftPackageReference "firebase-ios-sdk" */,
			);
			preferredProjectObjectVersion = 77;
			productRefGroup = 69DF52912F9FF68F009093EE /* Products */;
			projectDirPath = "";
			projectRoot = "";
			targets = (
				69DF528F2F9FF68F009093EE /* FTC Nexus */,
				69DF529F2F9FF695009093EE /* FTC NexusTests */,
				69DF52A92F9FF695009093EE /* FTC NexusUITests */,
			);
		};
/* End PBXProject section */

/* Begin PBXResourcesBuildPhase section */
		69DF528E2F9FF68F009093EE /* Resources */ = {
			isa = PBXResourcesBuildPhase;
			buildActionMask = 2147483647;
			files = (
			);
			runOnlyForDeploymentPostprocessing = 0;
		};
		69DF529E2F9FF695009093EE /* Resources */ = {
			isa = PBXResourcesBuildPhase;
			buildActionMask = 2147483647;
			files = (
			);
			runOnlyForDeploymentPostprocessing = 0;
		};
		69DF52A82F9FF695009093EE /* Resources */ = {
			isa = PBXResourcesBuildPhase;
			buildActionMask = 2147483647;
			files = (
			);
			runOnlyForDeploymentPostprocessing = 0;
		};
/* End PBXResourcesBuildPhase section */

/* Begin PBXSourcesBuildPhase section */
		69DF528C2F9FF68F009093EE /* Sources */ = {
			isa = PBXSourcesBuildPhase;
			buildActionMask = 2147483647;
			files = (
			);
			runOnlyForDeploymentPostprocessing = 0;
		};
		69DF529C2F9FF695009093EE /* Sources */ = {
			isa = PBXSourcesBuildPhase;
			buildActionMask = 2147483647;
			files = (
			);
			runOnlyForDeploymentPostprocessing = 0;
		};
		69DF52A62F9FF695009093EE /* Sources */ = {
			isa = PBXSourcesBuildPhase;
			buildActionMask = 2147483647;
			files = (
			);
			runOnlyForDeploymentPostprocessing = 0;
		};
/* End PBXSourcesBuildPhase section */

/* Begin PBXTargetDependency section */
		69DF52A22F9FF695009093EE /* PBXTargetDependency */ = {
			isa = PBXTargetDependency;
			target = 69DF528F2F9FF68F009093EE /* FTC Nexus */;
			targetProxy = 69DF52A12F9FF695009093EE /* PBXContainerItemProxy */;
		};
		69DF52AC2F9FF695009093EE /* PBXTargetDependency */ = {
			isa = PBXTargetDependency;
			target = 69DF528F2F9FF68F009093EE /* FTC Nexus */;
			targetProxy = 69DF52AB2F9FF695009093EE /* PBXContainerItemProxy */;
		};
/* End PBXTargetDependency section */

/* Begin XCBuildConfiguration section */
		69DF52B22F9FF695009093EE /* Debug */ = {
			isa = XCBuildConfiguration;
			buildSettings = {
				ALWAYS_SEARCH_USER_PATHS = NO;
				ASSETCATALOG_COMPILER_GENERATE_SWIFT_ASSET_SYMBOL_EXTENSIONS = YES;
				CLANG_ANALYZER_NONNULL = YES;
				CLANG_ANALYZER_NUMBER_OBJECT_CONVERSION = YES_AGGRESSIVE;
				CLANG_CXX_LANGUAGE_STANDARD = "gnu++20";
				CLANG_ENABLE_MODULES = YES;
				CLANG_ENABLE_OBJC_ARC = YES;
				CLANG_ENABLE_OBJC_WEAK = YES;
				CLANG_WARN_BLOCK_CAPTURE_AUTORELEASING = YES;
				CLANG_WARN_BOOL_CONVERSION = YES;
				CLANG_WARN_COMMA = YES;
				CLANG_WARN_CONSTANT_CONVERSION = YES;
				CLANG_WARN_DEPRECATED_OBJC_IMPLEMENTATIONS = YES;
				CLANG_WARN_DIRECT_OBJC_ISA_USAGE = YES_ERROR;
				CLANG_WARN_DOCUMENTATION_COMMENTS = YES;
				CLANG_WARN_EMPTY_BODY = YES;
				CLANG_WARN_ENUM_CONVERSION = YES;
				CLANG_WARN_INFINITE_RECURSION = YES;
				CLANG_WARN_INT_CONVERSION = YES;
				CLANG_WARN_NON_LITERAL_NULL_CONVERSION = YES;
				CLANG_WARN_OBJC_IMPLICIT_RETAIN_SELF = YES;
				CLANG_WARN_OBJC_LITERAL_CONVERSION = YES;
				CLANG_WARN_OBJC_ROOT_CLASS = YES_ERROR;
				CLANG_WARN_QUOTED_INCLUDE_IN_FRAMEWORK_HEADER = YES;
				CLANG_WARN_RANGE_LOOP_ANALYSIS = YES;
				CLANG_WARN_STRICT_PROTOTYPES = YES;
				CLANG_WARN_SUSPICIOUS_MOVE = YES;
				CLANG_WARN_UNGUARDED_AVAILABILITY = YES_AGGRESSIVE;
				CLANG_WARN_UNREACHABLE_CODE = YES;
				CLANG_WARN__DUPLICATE_METHOD_MATCH = YES;
				COPY_PHASE_STRIP = NO;
				DEBUG_INFORMATION_FORMAT = dwarf;
				ENABLE_STRICT_OBJC_MSGSEND = YES;
				ENABLE_TESTABILITY = YES;
				ENABLE_USER_SCRIPT_SANDBOXING = YES;
				GCC_C_LANGUAGE_STANDARD = gnu17;
				GCC_DYNAMIC_NO_PIC = NO;
				GCC_NO_COMMON_BLOCKS = YES;
				GCC_OPTIMIZATION_LEVEL = 0;
				GCC_PREPROCESSOR_DEFINITIONS = (
					"DEBUG=1",
					"$(inherited)",
				);
				GCC_WARN_64_TO_32_BIT_CONVERSION = YES;
				GCC_WARN_ABOUT_RETURN_TYPE = YES_ERROR;
				GCC_WARN_UNDECLARED_SELECTOR = YES;
				GCC_WARN_UNINITIALIZED_AUTOS = YES_AGGRESSIVE;
				GCC_WARN_UNUSED_FUNCTION = YES;
				GCC_WARN_UNUSED_VARIABLE = YES;
				IPHONEOS_DEPLOYMENT_TARGET = 18.2;
				LOCALIZATION_PREFERS_STRING_CATALOGS = YES;
				MTL_ENABLE_DEBUG_INFO = INCLUDE_SOURCE;
				MTL_FAST_MATH = YES;
				ONLY_ACTIVE_ARCH = YES;
				SDKROOT = iphoneos;
				SWIFT_ACTIVE_COMPILATION_CONDITIONS = "DEBUG $(inherited)";
				SWIFT_OPTIMIZATION_LEVEL = "-Onone";
			};
			name = Debug;
		};
		69DF52B32F9FF695009093EE /* Release */ = {
			isa = XCBuildConfiguration;
			buildSettings = {
				ALWAYS_SEARCH_USER_PATHS = NO;
				ASSETCATALOG_COMPILER_GENERATE_SWIFT_ASSET_SYMBOL_EXTENSIONS = YES;
				CLANG_ANALYZER_NONNULL = YES;
				CLANG_ANALYZER_NUMBER_OBJECT_CONVERSION = YES_AGGRESSIVE;
				CLANG_CXX_LANGUAGE_STANDARD = "gnu++20";
				CLANG_ENABLE_MODULES = YES;
				CLANG_ENABLE_OBJC_ARC = YES;
				CLANG_ENABLE_OBJC_WEAK = YES;
				CLANG_WARN_BLOCK_CAPTURE_AUTORELEASING = YES;
				CLANG_WARN_BOOL_CONVERSION = YES;
				CLANG_WARN_COMMA = YES;
				CLANG_WARN_CONSTANT_CONVERSION = YES;
				CLANG_WARN_DEPRECATED_OBJC_IMPLEMENTATIONS = YES;
				CLANG_WARN_DIRECT_OBJC_ISA_USAGE = YES_ERROR;
				CLANG_WARN_DOCUMENTATION_COMMENTS = YES;
				CLANG_WARN_EMPTY_BODY = YES;
				CLANG_WARN_ENUM_CONVERSION = YES;
				CLANG_WARN_INFINITE_RECURSION = YES;
				CLANG_WARN_INT_CONVERSION = YES;
				CLANG_WARN_NON_LITERAL_NULL_CONVERSION = YES;
				CLANG_WARN_OBJC_IMPLICIT_RETAIN_SELF = YES;
				CLANG_WARN_OBJC_LITERAL_CONVERSION = YES;
				CLANG_WARN_OBJC_ROOT_CLASS = YES_ERROR;
				CLANG_WARN_QUOTED_INCLUDE_IN_FRAMEWORK_HEADER = YES;
				CLANG_WARN_RANGE_LOOP_ANALYSIS = YES;
				CLANG_WARN_STRICT_PROTOTYPES = YES;
				CLANG_WARN_SUSPICIOUS_MOVE = YES;
				CLANG_WARN_UNGUARDED_AVAILABILITY = YES_AGGRESSIVE;
				CLANG_WARN_UNREACHABLE_CODE = YES;
				CLANG_WARN__DUPLICATE_METHOD_MATCH = YES;
				COPY_PHASE_STRIP = NO;
				DEBUG_INFORMATION_FORMAT = "dwarf-with-dsym";
				ENABLE_NS_ASSERTIONS = NO;
				ENABLE_STRICT_OBJC_MSGSEND = YES;
				ENABLE_USER_SCRIPT_SANDBOXING = YES;
				GCC_C_LANGUAGE_STANDARD = gnu17;
				GCC_NO_COMMON_BLOCKS = YES;
				GCC_WARN_64_TO_32_BIT_CONVERSION = YES;
				GCC_WARN_ABOUT_RETURN_TYPE = YES_ERROR;
				GCC_WARN_UNDECLARED_SELECTOR = YES;
				GCC_WARN_UNINITIALIZED_AUTOS = YES_AGGRESSIVE;
				GCC_WARN_UNUSED_FUNCTION = YES;
				GCC_WARN_UNUSED_VARIABLE = YES;
				IPHONEOS_DEPLOYMENT_TARGET = 18.2;
				LOCALIZATION_PREFERS_STRING_CATALOGS = YES;
				MTL_ENABLE_DEBUG_INFO = NO;
				MTL_FAST_MATH = YES;
				SDKROOT = iphoneos;
				SWIFT_COMPILATION_MODE = wholemodule;
				VALIDATE_PRODUCT = YES;
			};
			name = Release;
		};
		69DF52B52F9FF695009093EE /* Debug */ = {
			isa = XCBuildConfiguration;
			buildSettings = {
				ASSETCATALOG_COMPILER_APPICON_NAME = AppIcon;
				ASSETCATALOG_COMPILER_GLOBAL_ACCENT_COLOR_NAME = AccentColor;
				CODE_SIGN_STYLE = Automatic;
				CURRENT_PROJECT_VERSION = 1;
				DEVELOPMENT_ASSET_PATHS = "\"FTC Nexus/Preview Content\"";
				DEVELOPMENT_TEAM = TZGWAH6324;
				ENABLE_PREVIEWS = YES;
				GENERATE_INFOPLIST_FILE = YES;
				INFOPLIST_KEY_UIApplicationSceneManifest_Generation = YES;
				INFOPLIST_KEY_UIApplicationSupportsIndirectInputEvents = YES;
				INFOPLIST_KEY_UILaunchScreen_Generation = YES;
				INFOPLIST_KEY_UISupportedInterfaceOrientations_iPad = "UIInterfaceOrientationPortrait UIInterfaceOrientationPortraitUpsideDown UIInterfaceOrientationLandscapeLeft UIInterfaceOrientationLandscapeRight";
				INFOPLIST_KEY_UISupportedInterfaceOrientations_iPhone = "UIInterfaceOrientationPortrait UIInterfaceOrientationLandscapeLeft UIInterfaceOrientationLandscapeRight";
				IPHONEOS_DEPLOYMENT_TARGET = 16.6;
				LD_RUNPATH_SEARCH_PATHS = (
					"$(inherited)",
					"@executable_path/Frameworks",
				);
				MARKETING_VERSION = 1.0;
				PRODUCT_BUNDLE_IDENTIFIER = "com.sumanM.FTC-Nexus";
				PRODUCT_NAME = "$(TARGET_NAME)";
				SWIFT_EMIT_LOC_STRINGS = YES;
				SWIFT_VERSION = 5.0;
				TARGETED_DEVICE_FAMILY = "1,2";
			};
			name = Debug;
		};
		69DF52B62F9FF695009093EE /* Release */ = {
			isa = XCBuildConfiguration;
			buildSettings = {
				ASSETCATALOG_COMPILER_APPICON_NAME = AppIcon;
				ASSETCATALOG_COMPILER_GLOBAL_ACCENT_COLOR_NAME = AccentColor;
				CODE_SIGN_STYLE = Automatic;
				CURRENT_PROJECT_VERSION = 1;
				DEVELOPMENT_ASSET_PATHS = "\"FTC Nexus/Preview Content\"";
				DEVELOPMENT_TEAM = TZGWAH6324;
				ENABLE_PREVIEWS = YES;
				GENERATE_INFOPLIST_FILE = YES;
				INFOPLIST_KEY_UIApplicationSceneManifest_Generation = YES;
				INFOPLIST_KEY_UIApplicationSupportsIndirectInputEvents = YES;
				INFOPLIST_KEY_UILaunchScreen_Generation = YES;
				INFOPLIST_KEY_UISupportedInterfaceOrientations_iPad = "UIInterfaceOrientationPortrait UIInterfaceOrientationPortraitUpsideDown UIInterfaceOrientationLandscapeLeft UIInterfaceOrientationLandscapeRight";
				INFOPLIST_KEY_UISupportedInterfaceOrientations_iPhone = "UIInterfaceOrientationPortrait UIInterfaceOrientationLandscapeLeft UIInterfaceOrientationLandscapeRight";
				IPHONEOS_DEPLOYMENT_TARGET = 16.6;
				LD_RUNPATH_SEARCH_PATHS = (
					"$(inherited)",
					"@executable_path/Frameworks",
				);
				MARKETING_VERSION = 1.0;
				PRODUCT_BUNDLE_IDENTIFIER = "com.sumanM.FTC-Nexus";
				PRODUCT_NAME = "$(TARGET_NAME)";
				SWIFT_EMIT_LOC_STRINGS = YES;
				SWIFT_VERSION = 5.0;
				TARGETED_DEVICE_FAMILY = "1,2";
			};
			name = Release;
		};
		69DF52B82F9FF695009093EE /* Debug */ = {
			isa = XCBuildConfiguration;
			buildSettings = {
				BUNDLE_LOADER = "$(TEST_HOST)";
				CODE_SIGN_STYLE = Automatic;
				CURRENT_PROJECT_VERSION = 1;
				DEVELOPMENT_TEAM = TZGWAH6324;
				GENERATE_INFOPLIST_FILE = YES;
				IPHONEOS_DEPLOYMENT_TARGET = 18.2;
				MARKETING_VERSION = 1.0;
				PRODUCT_BUNDLE_IDENTIFIER = "com.sumanM.FTC-NexusTests";
				PRODUCT_NAME = "$(TARGET_NAME)";
				SWIFT_EMIT_LOC_STRINGS = NO;
				SWIFT_VERSION = 5.0;
				TARGETED_DEVICE_FAMILY = "1,2";
				TEST_HOST = "$(BUILT_PRODUCTS_DIR)/FTC Nexus.app/$(BUNDLE_EXECUTABLE_FOLDER_PATH)/FTC Nexus";
			};
			name = Debug;
		};
		69DF52B92F9FF695009093EE /* Release */ = {
			isa = XCBuildConfiguration;
			buildSettings = {
				BUNDLE_LOADER = "$(TEST_HOST)";
				CODE_SIGN_STYLE = Automatic;
				CURRENT_PROJECT_VERSION = 1;
				DEVELOPMENT_TEAM = TZGWAH6324;
				GENERATE_INFOPLIST_FILE = YES;
				IPHONEOS_DEPLOYMENT_TARGET = 18.2;
				MARKETING_VERSION = 1.0;
				PRODUCT_BUNDLE_IDENTIFIER = "com.sumanM.FTC-NexusTests";
				PRODUCT_NAME = "$(TARGET_NAME)";
				SWIFT_EMIT_LOC_STRINGS = NO;
				SWIFT_VERSION = 5.0;
				TARGETED_DEVICE_FAMILY = "1,2";
				TEST_HOST = "$(BUILT_PRODUCTS_DIR)/FTC Nexus.app/$(BUNDLE_EXECUTABLE_FOLDER_PATH)/FTC Nexus";
			};
			name = Release;
		};
		69DF52BB2F9FF695009093EE /* Debug */ = {
			isa = XCBuildConfiguration;
			buildSettings = {
				CODE_SIGN_STYLE = Automatic;
				CURRENT_PROJECT_VERSION = 1;
				DEVELOPMENT_TEAM = TZGWAH6324;
				GENERATE_INFOPLIST_FILE = YES;
				MARKETING_VERSION = 1.0;
				PRODUCT_BUNDLE_IDENTIFIER = "com.sumanM.FTC-NexusUITests";
				PRODUCT_NAME = "$(TARGET_NAME)";
				SWIFT_EMIT_LOC_STRINGS = NO;
				SWIFT_VERSION = 5.0;
				TARGETED_DEVICE_FAMILY = "1,2";
				TEST_TARGET_NAME = "FTC Nexus";
			};
			name = Debug;
		};
		69DF52BC2F9FF695009093EE /* Release */ = {
			isa = XCBuildConfiguration;
			buildSettings = {
				CODE_SIGN_STYLE = Automatic;
				CURRENT_PROJECT_VERSION = 1;
				DEVELOPMENT_TEAM = TZGWAH6324;
				GENERATE_INFOPLIST_FILE = YES;
				MARKETING_VERSION = 1.0;
				PRODUCT_BUNDLE_IDENTIFIER = "com.sumanM.FTC-NexusUITests";
				PRODUCT_NAME = "$(TARGET_NAME)";
				SWIFT_EMIT_LOC_STRINGS = NO;
				SWIFT_VERSION = 5.0;
				TARGETED_DEVICE_FAMILY = "1,2";
				TEST_TARGET_NAME = "FTC Nexus";
			};
			name = Release;
		};
/* End XCBuildConfiguration section */

/* Begin XCConfigurationList section */
		69DF528B2F9FF68E009093EE /* Build configuration list for PBXProject "FTC Nexus" */ = {
			isa = XCConfigurationList;
			buildConfigurations = (
				69DF52B22F9FF695009093EE /* Debug */,
				69DF52B32F9FF695009093EE /* Release */,
			);
			defaultConfigurationIsVisible = 0;
			defaultConfigurationName = Release;
		};
		69DF52B42F9FF695009093EE /* Build configuration list for PBXNativeTarget "FTC Nexus" */ = {
			isa = XCConfigurationList;
			buildConfigurations = (
				69DF52B52F9FF695009093EE /* Debug */,
				69DF52B62F9FF695009093EE /* Release */,
			);
			defaultConfigurationIsVisible = 0;
			defaultConfigurationName = Release;
		};
		69DF52B72F9FF695009093EE /* Build configuration list for PBXNativeTarget "FTC NexusTests" */ = {
			isa = XCConfigurationList;
			buildConfigurations = (
				69DF52B82F9FF695009093EE /* Debug */,
				69DF52B92F9FF695009093EE /* Release */,
			);
			defaultConfigurationIsVisible = 0;
			defaultConfigurationName = Release;
		};
		69DF52BA2F9FF695009093EE /* Build configuration list for PBXNativeTarget "FTC NexusUITests" */ = {
			isa = XCConfigurationList;
			buildConfigurations = (
				69DF52BB2F9FF695009093EE /* Debug */,
				69DF52BC2F9FF695009093EE /* Release */,
			);
			defaultConfigurationIsVisible = 0;
			defaultConfigurationName = Release;
		};
/* End XCConfigurationList section */

/* Begin XCRemoteSwiftPackageReference section */
		6927776C2FA5348A001AC249 /* XCRemoteSwiftPackageReference "firebase-ios-sdk" */ = {
			isa = XCRemoteSwiftPackageReference;
			repositoryURL = "https://github.com/firebase/firebase-ios-sdk";
			requirement = {
				kind = upToNextMajorVersion;
				minimumVersion = 12.12.1;
			};
		};
		69DF52C02FA10BE9009093EE /* XCRemoteSwiftPackageReference "neumorphic" */ = {
			isa = XCRemoteSwiftPackageReference;
			repositoryURL = "https://github.com/costachung/neumorphic/";
			requirement = {
				branch = master;
				kind = branch;
			};
		};
/* End XCRemoteSwiftPackageReference section */

/* Begin XCSwiftPackageProductDependency section */
		6927776D2FA5348A001AC249 /* FirebaseAnalytics */ = {
			isa = XCSwiftPackageProductDependency;
			package = 6927776C2FA5348A001AC249 /* XCRemoteSwiftPackageReference "firebase-ios-sdk" */;
			productName = FirebaseAnalytics;
		};
		6927776F2FA5348A001AC249 /* FirebaseAuth */ = {
			isa = XCSwiftPackageProductDependency;
			package = 6927776C2FA5348A001AC249 /* XCRemoteSwiftPackageReference "firebase-ios-sdk" */;
			productName = FirebaseAuth;
		};
		692777712FA5348A001AC249 /* FirebaseFirestore */ = {
			isa = XCSwiftPackageProductDependency;
			package = 6927776C2FA5348A001AC249 /* XCRemoteSwiftPackageReference "firebase-ios-sdk" */;
			productName = FirebaseFirestore;
		};
		69DF52C12FA10BE9009093EE /* Neumorphic */ = {
			isa = XCSwiftPackageProductDependency;
			package = 69DF52C02FA10BE9009093EE /* XCRemoteSwiftPackageReference "neumorphic" */;
			productName = Neumorphic;
		};
/* End XCSwiftPackageProductDependency section */
	};
	rootObject = 69DF52882F9FF68E009093EE /* Project object */;
}
